
Microsoft Visual Studio Solution File, Format Version 12.00
# Visual Studio Version 16
VisualStudioVersion = 16.0.31624.102
MinimumVisualStudioVersion = 10.0.40219.1
Project("{E24C65DC-7377-472B-9ABA-BC803B73C61A}") = "WCFHelloWorld", "WCFHelloWorld\", "{05C6D510-0318-486A-A8CD-35826D628DEC}"
	ProjectSection(WebsiteProperties) = preProject
		TargetFrameworkMoniker = ".NETFramework,Version%3Dv4.7.2"
		Debug.AspNetCompiler.VirtualPath = "/localhost_54614"
		Debug.AspNetCompiler.PhysicalPath = "WCFHelloWorld\"
		Debug.AspNetCompiler.TargetPath = "PrecompiledWeb\localhost_54614\"
		Debug.AspNetCompiler.Updateable = "true"
		Debug.AspNetCompiler.ForceOverwrite = "true"
		Debug.AspNetCompiler.FixedNames = "false"
		Debug.AspNetCompiler.Debug = "True"
		Release.AspNetCompiler.VirtualPath = "/localhost_54614"
		Release.AspNetCompiler.PhysicalPath = "WCFHelloWorld\"
		Release.AspNetCompiler.TargetPath = "PrecompiledWeb\localhost_54614\"
		Release.AspNetCompiler.Updateable = "true"
		Release.AspNetCompiler.ForceOverwrite = "true"
		Release.AspNetCompiler.FixedNames = "false"
		Release.AspNetCompiler.Debug = "False"
		VWDPort = "54614"
		SlnRelativePath = "WCFHelloWorld\"
		DefaultWebSiteLanguage = "Visual C#"
	EndProjectSection
EndProject
Global
	GlobalSection(SolutionConfigurationPlatforms) = preSolution
		Debug|Any CPU = Debug|Any CPU
	EndGlobalSection
	GlobalSection(ProjectConfigurationPlatforms) = postSolution
		{05C6D510-0318-486A-A8CD-35826D628DEC}.Debug|Any CPU.ActiveCfg = Debug|Any CPU
		{05C6D510-0318-486A-A8CD-35826D628DEC}.Debug|Any CPU.Build.0 = Debug|Any CPU
	EndGlobalSection
	GlobalSection(SolutionProperties) = preSolution
		HideSolutionNode = FALSE
	EndGlobalSection
	GlobalSection(ExtensibilityGlobals) = postSolution
		SolutionGuid = {7EC7802C-3F09-4A40-8A51-212D9DA456D4}
	EndGlobalSection
EndGlobal
